
Microsoft Visual Studio Solution File, Format Version 12.00
# Visual Studio Version 17
VisualStudioVersion = 17.1.31911.260
MinimumVisualStudioVersion = 10.0.40219.1
Project("{9A19103F-16F7-4668-BE54-9A1E7A4F7556}") = "Uy", "Uy\Uy.csproj", "{E12D9178-E59B-4CF6-8E66-809066DA57FB}"
EndProject
Project("{9A19103F-16F7-4668-BE54-9A1E7A4F7556}") = "Uy.Tests", "Uy.Tests\Uy.Tests.csproj", "{A1E34745-2B95-405C-A49F-25C159E2151E}"
EndProject
Project("{9A19103F-16F7-4668-BE54-9A1E7A4F7556}") = "Uy.Benchmarks", "Uy.Benchmarks\Uy.Benchmarks.csproj", "{D39A7841-927F-4158-A1C1-C93B11C8C36A}"
EndProject
Project("{9A19103F-16F7-4668-BE54-9A1E7A4F7556}") = "Uy.Samples.Prototyping", "Uy.Samples.Prototyping\Uy.Samples.Prototyping.csproj", "{88CAF1F8-7FE3-4669-A9E4-D631651CFD85}"
EndProject
Global
	GlobalSection(SolutionConfigurationPlatforms) = preSolution
		Debug|Any CPU = Debug|Any CPU
		Debug|ARM = Debug|ARM
		Debug|ARM64 = Debug|ARM64
		Debug|x64 = Debug|x64
		Debug|x86 = Debug|x86
		Release|Any CPU = Release|Any CPU
		Release|ARM = Release|ARM
		Release|ARM64 = Release|ARM64
		Release|x64 = Release|x64
		Release|x86 = Release|x86
	EndGlobalSection
	GlobalSection(ProjectConfigurationPlatforms) = postSolution
		{E12D9178-E59B-4CF6-8E66-809066DA57FB}.Debug|Any CPU.ActiveCfg = Debug|Any CPU
		{E12D9178-E59B-4CF6-8E66-809066DA57FB}.Debug|Any CPU.Build.0 = Debug|Any CPU
		{E12D9178-E59B-4CF6-8E66-809066DA57FB}.Debug|ARM.ActiveCfg = Debug|Any CPU
		{E12D9178-E59B-4CF6-8E66-809066DA57FB}.Debug|ARM.Build.0 = Debug|Any CPU
		{E12D9178-E59B-4CF6-8E66-809066DA57FB}.Debug|ARM64.ActiveCfg = Debug|Any CPU
		{E12D9178-E59B-4CF6-8E66-809066DA57FB}.Debug|ARM64.Build.0 = Debug|Any CPU
		{E12D9178-E59B-4CF6-8E66-809066DA57FB}.Debug|x64.ActiveCfg = Debug|Any CPU
		{E12D9178-E59B-4CF6-8E66-809066DA57FB}.Debug|x64.Build.0 = Debug|Any CPU
		{E12D9178-E59B-4CF6-8E66-809066DA57FB}.Debug|x86.ActiveCfg = Debug|Any CPU
		{E12D9178-E59B-4CF6-8E66-809066DA57FB}.Debug|x86.Build.0 = Debug|Any CPU
		{E12D9178-E59B-4CF6-8E66-809066DA57FB}.Release|Any CPU.ActiveCfg = Release|Any CPU
		{E12D9178-E59B-4CF6-8E66-809066DA57FB}.Release|Any CPU.Build.0 = Release|Any CPU
		{E12D9178-E59B-4CF6-8E66-809066DA57FB}.Release|ARM.ActiveCfg = Release|Any CPU
		{E12D9178-E59B-4CF6-8E66-809066DA57FB}.Release|ARM.Build.0 = Release|Any CPU
		{E12D9178-E59B-4CF6-8E66-809066DA57FB}.Release|ARM64.ActiveCfg = Release|Any CPU
		{E12D9178-E59B-4CF6-8E66-809066DA57FB}.Release|ARM64.Build.0 = Release|Any CPU
		{E12D9178-E59B-4CF6-8E66-809066DA57FB}.Release|x64.ActiveCfg = Release|Any CPU
		{E12D9178-E59B-4CF6-8E66-809066DA57FB}.Release|x64.Build.0 = Release|Any CPU
		{E12D9178-E59B-4CF6-8E66-809066DA57FB}.Release|x86.ActiveCfg = Release|Any CPU
		{E12D9178-E59B-4CF6-8E66-809066DA57FB}.Release|x86.Build.0 = Release|Any CPU
		{A1E34745-2B95-405C-A49F-25C159E2151E}.Debug|Any CPU.ActiveCfg = Debug|Any CPU
		{A1E34745-2B95-405C-A49F-25C159E2151E}.Debug|Any CPU.Build.0 = Debug|Any CPU
		{A1E34745-2B95-405C-A49F-25C159E2151E}.Debug|ARM.ActiveCfg = Debug|Any CPU
		{A1E34745-2B95-405C-A49F-25C159E2151E}.Debug|ARM.Build.0 = Debug|Any CPU
		{A1E34745-2B95-405C-A49F-25C159E2151E}.Debug|ARM64.ActiveCfg = Debug|Any CPU
		{A1E34745-2B95-405C-A49F-25C159E2151E}.Debug|ARM64.Build.0 = Debug|Any CPU
		{A1E34745-2B95-405C-A49F-25C159E2151E}.Debug|x64.ActiveCfg = Debug|Any CPU
		{A1E34745-2B95-405C-A49F-25C159E2151E}.Debug|x64.Build.0 = Debug|Any CPU
		{A1E34745-2B95-405C-A49F-25C159E2151E}.Debug|x86.ActiveCfg = Debug|Any CPU
		{A1E34745-2B95-405C-A49F-25C159E2151E}.Debug|x86.Build.0 = Debug|Any CPU
		{A1E34745-2B95-405C-A49F-25C159E2151E}.Release|Any CPU.ActiveCfg = Release|Any CPU
		{A1E34745-2B95-405C-A49F-25C159E2151E}.Release|Any CPU.Build.0 = Release|Any CPU
		{A1E34745-2B95-405C-A49F-25C159E2151E}.Release|ARM.ActiveCfg = Release|Any CPU
		{A1E34745-2B95-405C-A49F-25C159E2151E}.Release|ARM.Build.0 = Release|Any CPU
		{A1E34745-2B95-405C-A49F-25C159E2151E}.Release|ARM64.ActiveCfg = Release|Any CPU
		{A1E34745-2B95-405C-A49F-25C159E2151E}.Release|ARM64.Build.0 = Release|Any CPU
		{A1E34745-2B95-405C-A49F-25C159E2151E}.Release|x64.ActiveCfg = Release|Any CPU
		{A1E34745-2B95-405C-A49F-25C159E2151E}.Release|x64.Build.0 = Release|Any CPU
		{A1E34745-2B95-405C-A49F-25C159E2151E}.Release|x86.ActiveCfg = Release|Any CPU
		{A1E34745-2B95-405C-A49F-25C159E2151E}.Release|x86.Build.0 = Release|Any CPU
		{D39A7841-927F-4158-A1C1-C93B11C8C36A}.Debug|Any CPU.ActiveCfg = Release|Any CPU
		{D39A7841-927F-4158-A1C1-C93B11C8C36A}.Debug|Any CPU.Build.0 = Release|Any CPU
		{D39A7841-927F-4158-A1C1-C93B11C8C36A}.Debug|ARM.ActiveCfg = Debug|Any CPU
		{D39A7841-927F-4158-A1C1-C93B11C8C36A}.Debug|ARM.Build.0 = Debug|Any CPU
		{D39A7841-927F-4158-A1C1-C93B11C8C36A}.Debug|ARM64.ActiveCfg = Debug|Any CPU
		{D39A7841-927F-4158-A1C1-C93B11C8C36A}.Debug|ARM64.Build.0 = Debug|Any CPU
		{D39A7841-927F-4158-A1C1-C93B11C8C36A}.Debug|x64.ActiveCfg = Debug|Any CPU
		{D39A7841-927F-4158-A1C1-C93B11C8C36A}.Debug|x64.Build.0 = Debug|Any CPU
		{D39A7841-927F-4158-A1C1-C93B11C8C36A}.Debug|x86.ActiveCfg = Debug|Any CPU
		{D39A7841-927F-4158-A1C1-C93B11C8C36A}.Debug|x86.Build.0 = Debug|Any CPU
		{D39A7841-927F-4158-A1C1-C93B11C8C36A}.Release|Any CPU.ActiveCfg = Release|Any CPU
		{D39A7841-927F-4158-A1C1-C93B11C8C36A}.Release|Any CPU.Build.0 = Release|Any CPU
		{D39A7841-927F-4158-A1C1-C93B11C8C36A}.Release|ARM.ActiveCfg = Release|Any CPU
		{D39A7841-927F-4158-A1C1-C93B11C8C36A}.Release|ARM.Build.0 = Release|Any CPU
		{D39A7841-927F-4158-A1C1-C93B11C8C36A}.Release|ARM64.ActiveCfg = Release|Any CPU
		{D39A7841-927F-4158-A1C1-C93B11C8C36A}.Release|ARM64.Build.0 = Release|Any CPU
		{D39A7841-927F-4158-A1C1-C93B11C8C36A}.Release|x64.ActiveCfg = Release|Any CPU
		{D39A7841-927F-4158-A1C1-C93B11C8C36A}.Release|x64.Build.0 = Release|Any CPU
		{D39A7841-927F-4158-A1C1-C93B11C8C36A}.Release|x86.ActiveCfg = Release|Any CPU
		{D39A7841-927F-4158-A1C1-C93B11C8C36A}.Release|x86.Build.0 = Release|Any CPU
		{88CAF1F8-7FE3-4669-A9E4-D631651CFD85}.Debug|Any CPU.ActiveCfg = Debug|Any CPU
		{88CAF1F8-7FE3-4669-A9E4-D631651CFD85}.Debug|Any CPU.Build.0 = Debug|Any CPU
		{88CAF1F8-7FE3-4669-A9E4-D631651CFD85}.Debug|ARM.ActiveCfg = Debug|Any CPU
		{88CAF1F8-7FE3-4669-A9E4-D631651CFD85}.Debug|ARM.Build.0 = Debug|Any CPU
		{88CAF1F8-7FE3-4669-A9E4-D631651CFD85}.Debug|ARM64.ActiveCfg = Debug|Any CPU
		{88CAF1F8-7FE3-4669-A9E4-D631651CFD85}.Debug|ARM64.Build.0 = Debug|Any CPU
		{88CAF1F8-7FE3-4669-A9E4-D631651CFD85}.Debug|x64.ActiveCfg = Debug|Any CPU
		{88CAF1F8-7FE3-4669-A9E4-D631651CFD85}.Debug|x64.Build.0 = Debug|Any CPU
		{88CAF1F8-7FE3-4669-A9E4-D631651CFD85}.Debug|x86.ActiveCfg = Debug|Any CPU
		{88CAF1F8-7FE3-4669-A9E4-D631651CFD85}.Debug|x86.Build.0 = Debug|Any CPU
		{88CAF1F8-7FE3-4669-A9E4-D631651CFD85}.Release|Any CPU.ActiveCfg = Release|Any CPU
		{88CAF1F8-7FE3-4669-A9E4-D631651CFD85}.Release|Any CPU.Build.0 = Release|Any CPU
		{88CAF1F8-7FE3-4669-A9E4-D631651CFD85}.Release|ARM.ActiveCfg = Release|Any CPU
		{88CAF1F8-7FE3-4669-A9E4-D631651CFD85}.Release|ARM.Build.0 = Release|Any CPU
		{88CAF1F8-7FE3-4669-A9E4-D631651CFD85}.Release|ARM64.ActiveCfg = Release|Any CPU
		{88CAF1F8-7FE3-4669-A9E4-D631651CFD85}.Release|ARM64.Build.0 = Release|Any CPU
		{88CAF1F8-7FE3-4669-A9E4-D631651CFD85}.Release|x64.ActiveCfg = Release|Any CPU
		{88CAF1F8-7FE3-4669-A9E4-D631651CFD85}.Release|x64.Build.0 = Release|Any CPU
		{88CAF1F8-7FE3-4669-A9E4-D631651CFD85}.Release|x86.ActiveCfg = Release|Any CPU
		{88CAF1F8-7FE3-4669-A9E4-D631651CFD85}.Release|x86.Build.0 = Release|Any CPU
	EndGlobalSection
	GlobalSection(SolutionProperties) = preSolution
		HideSolutionNode = FALSE
	EndGlobalSection
	GlobalSection(ExtensibilityGlobals) = postSolution
		SolutionGuid = {28E3B1EE-8F4F-42F5-98F8-85D51E4640C1}
	EndGlobalSection
EndGlobal
